// !$*UTF8*$!
{
	archiveVersion = 1;
	classes = {
	};
	objectVersion = 46;
	objects = {

/* Begin PBXBuildFile section */
		1E12B6E718500D2700E0E3DA /* HomeCollectionViewController.m in Sources */ = {isa = PBXBuildFile; fileRef = 1E12B6E618500D2700E0E3DA /* HomeCollectionViewController.m */; };
		1E505534185629CA00E7CBE4 /* Bookmarks@2x.png in Resources */ = {isa = PBXBuildFile; fileRef = 1E505533185629CA00E7CBE4 /* Bookmarks@2x.png */; };
		1E505536185629FF00E7CBE4 /* Chart_Up@2x.png in Resources */ = {isa = PBXBuildFile; fileRef = 1E505535185629FF00E7CBE4 /* Chart_Up@2x.png */; };
		1E50553818562A2700E7CBE4 /* Recents@2x.png in Resources */ = {isa = PBXBuildFile; fileRef = 1E50553718562A2700E7CBE4 /* Recents@2x.png */; };
		1E6356701853FDC900F98A20 /* LibraryCollectionViewController.m in Sources */ = {isa = PBXBuildFile; fileRef = 1E63566F1853FDC900F98A20 /* LibraryCollectionViewController.m */; };
		1E63567618540EBE00F98A20 /* ViewGifViewController.m in Sources */ = {isa = PBXBuildFile; fileRef = 1E63567518540EBE00F98A20 /* ViewGifViewController.m */; };
		1E6356791854106600F98A20 /* UIImage+animatedGIF.m in Sources */ = {isa = PBXBuildFile; fileRef = 1E6356781854106600F98A20 /* UIImage+animatedGIF.m */; };
		1E63567B1854109600F98A20 /* ImageIO.framework in Frameworks */ = {isa = PBXBuildFile; fileRef = 1E63567A1854109600F98A20 /* ImageIO.framework */; };
		1E74A5141851682A009F2BC2 /* HomeCollectionHeaderView.m in Sources */ = {isa = PBXBuildFile; fileRef = 1E74A5131851682A009F2BC2 /* HomeCollectionHeaderView.m */; };
		1E74A51718525949009F2BC2 /* SelectionViewController.m in Sources */ = {isa = PBXBuildFile; fileRef = 1E74A51618525949009F2BC2 /* SelectionViewController.m */; };
		1E94BC8F184FBCD800E7D456 /* TrendingViewController.m in Sources */ = {isa = PBXBuildFile; fileRef = 1E94BC8E184FBCD800E7D456 /* TrendingViewController.m */; };
		1E94BC91184FC06E00E7D456 /* CoreData.framework in Frameworks */ = {isa = PBXBuildFile; fileRef = 1E94BC90184FC06E00E7D456 /* CoreData.framework */; };
		1E94BC93184FC0A500E7D456 /* CoreFoundation.framework in Frameworks */ = {isa = PBXBuildFile; fileRef = 1E94BC92184FC0A400E7D456 /* CoreFoundation.framework */; };
		1E94BC96184FC10700E7D456 /* Gifs.xcdatamodeld in Sources */ = {isa = PBXBuildFile; fileRef = 1E94BC94184FC10700E7D456 /* Gifs.xcdatamodeld */; };
		1E94BC99184FC38C00E7D456 /* Gif.m in Sources */ = {isa = PBXBuildFile; fileRef = 1E94BC98184FC38C00E7D456 /* Gif.m */; };
		1E94BCA0184FC49000E7D456 /* DataManager.m in Sources */ = {isa = PBXBuildFile; fileRef = 1E94BC9B184FC49000E7D456 /* DataManager.m */; };
		1E94BCA1184FC49000E7D456 /* DataSource.m in Sources */ = {isa = PBXBuildFile; fileRef = 1E94BC9E184FC49000E7D456 /* DataSource.m */; };
		1E94BCA4184FC4B200E7D456 /* MyDataManager.m in Sources */ = {isa = PBXBuildFile; fileRef = 1E94BCA3184FC4B200E7D456 /* MyDataManager.m */; };
		1E94BCA7184FC7A700E7D456 /* Gif+Tag.m in Sources */ = {isa = PBXBuildFile; fileRef = 1E94BCA6184FC7A700E7D456 /* Gif+Tag.m */; };
		1E94BCB0184FCBDF00E7D456 /* NewGifViewController.m in Sources */ = {isa = PBXBuildFile; fileRef = 1E94BCAF184FCBDF00E7D456 /* NewGifViewController.m */; };
		1EAB46031835AF840085629A /* Foundation.framework in Frameworks */ = {isa = PBXBuildFile; fileRef = 1EAB46021835AF840085629A /* Foundation.framework */; };
		1EAB46051835AF840085629A /* CoreGraphics.framework in Frameworks */ = {isa = PBXBuildFile; fileRef = 1EAB46041835AF840085629A /* CoreGraphics.framework */; };
		1EAB46071835AF840085629A /* UIKit.framework in Frameworks */ = {isa = PBXBuildFile; fileRef = 1EAB46061835AF840085629A /* UIKit.framework */; };
		1EAB460D1835AF840085629A /* InfoPlist.strings in Resources */ = {isa = PBXBuildFile; fileRef = 1EAB460B1835AF840085629A /* InfoPlist.strings */; };
		1EAB460F1835AF840085629A /* main.m in Sources */ = {isa = PBXBuildFile; fileRef = 1EAB460E1835AF840085629A /* main.m */; };
		1EAB46131835AF840085629A /* JGSAppDelegate.m in Sources */ = {isa = PBXBuildFile; fileRef = 1EAB46121835AF840085629A /* JGSAppDelegate.m */; };
		1EAB46161835AF840085629A /* Main.storyboard in Resources */ = {isa = PBXBuildFile; fileRef = 1EAB46141835AF840085629A /* Main.storyboard */; };
		1EAB461B1835AF840085629A /* Images.xcassets in Resources */ = {isa = PBXBuildFile; fileRef = 1EAB461A1835AF840085629A /* Images.xcassets */; };
		1EAB46221835AF840085629A /* XCTest.framework in Frameworks */ = {isa = PBXBuildFile; fileRef = 1EAB46211835AF840085629A /* XCTest.framework */; };
		1EAB46231835AF840085629A /* Foundation.framework in Frameworks */ = {isa = PBXBuildFile; fileRef = 1EAB46021835AF840085629A /* Foundation.framework */; };
		1EAB46241835AF840085629A /* UIKit.framework in Frameworks */ = {isa = PBXBuildFile; fileRef = 1EAB46061835AF840085629A /* UIKit.framework */; };
		1EAB462C1835AF840085629A /* InfoPlist.strings in Resources */ = {isa = PBXBuildFile; fileRef = 1EAB462A1835AF840085629A /* InfoPlist.strings */; };
		1EAB462E1835AF840085629A /* GiffyTests.m in Sources */ = {isa = PBXBuildFile; fileRef = 1EAB462D1835AF840085629A /* GiffyTests.m */; };
/* End PBXBuildFile section */

/* Begin PBXContainerItemProxy section */
		1EAB46251835AF840085629A /* PBXContainerItemProxy */ = {
			isa = PBXContainerItemProxy;
			containerPortal = 1EAB45F71835AF840085629A /* Project object */;
			proxyType = 1;
			remoteGlobalIDString = 1EAB45FE1835AF840085629A;
			remoteInfo = Giffy;
		};
/* End PBXContainerItemProxy section */

/* Begin PBXFileReference section */
		1E12B6E518500D2700E0E3DA /* HomeCollectionViewController.h */ = {isa = PBXFileReference; fileEncoding = 4; lastKnownFileType = sourcecode.c.h; path = HomeCollectionViewController.h; sourceTree = "<group>"; };
		1E12B6E618500D2700E0E3DA /* HomeCollectionViewController.m */ = {isa = PBXFileReference; fileEncoding = 4; lastKnownFileType = sourcecode.c.objc; path = HomeCollectionViewController.m; sourceTree = "<group>"; };
		1E505533185629CA00E7CBE4 /* Bookmarks@2x.png */ = {isa = PBXFileReference; lastKnownFileType = image.png; path = "Bookmarks@2x.png"; sourceTree = "<group>"; };
		1E505535185629FF00E7CBE4 /* Chart_Up@2x.png */ = {isa = PBXFileReference; lastKnownFileType = image.png; path = "Chart_Up@2x.png"; sourceTree = "<group>"; };
		1E50553718562A2700E7CBE4 /* Recents@2x.png */ = {isa = PBXFileReference; lastKnownFileType = image.png; path = "Recents@2x.png"; sourceTree = "<group>"; };
		1E63566E1853FDC900F98A20 /* LibraryCollectionViewController.h */ = {isa = PBXFileReference; fileEncoding = 4; lastKnownFileType = sourcecode.c.h; path = LibraryCollectionViewController.h; sourceTree = "<group>"; };
		1E63566F1853FDC900F98A20 /* LibraryCollectionViewController.m */ = {isa = PBXFileReference; fileEncoding = 4; lastKnownFileType = sourcecode.c.objc; path = LibraryCollectionViewController.m; sourceTree = "<group>"; };
		1E63567418540EBE00F98A20 /* ViewGifViewController.h */ = {isa = PBXFileReference; fileEncoding = 4; lastKnownFileType = sourcecode.c.h; path = ViewGifViewController.h; sourceTree = "<group>"; };
		1E63567518540EBE00F98A20 /* ViewGifViewController.m */ = {isa = PBXFileReference; fileEncoding = 4; lastKnownFileType = sourcecode.c.objc; path = ViewGifViewController.m; sourceTree = "<group>"; };
		1E6356771854106600F98A20 /* UIImage+animatedGIF.h */ = {isa = PBXFileReference; fileEncoding = 4; lastKnownFileType = sourcecode.c.h; path = "UIImage+animatedGIF.h"; sourceTree = "<group>"; };
		1E6356781854106600F98A20 /* UIImage+animatedGIF.m */ = {isa = PBXFileReference; fileEncoding = 4; lastKnownFileType = sourcecode.c.objc; path = "UIImage+animatedGIF.m"; sourceTree = "<group>"; };
		1E63567A1854109600F98A20 /* ImageIO.framework */ = {isa = PBXFileReference; lastKnownFileType = wrapper.framework; name = ImageIO.framework; path = System/Library/Frameworks/ImageIO.framework; sourceTree = SDKROOT; };
		1E74A5121851682A009F2BC2 /* HomeCollectionHeaderView.h */ = {isa = PBXFileReference; fileEncoding = 4; lastKnownFileType = sourcecode.c.h; path = HomeCollectionHeaderView.h; sourceTree = "<group>"; };
		1E74A5131851682A009F2BC2 /* HomeCollectionHeaderView.m */ = {isa = PBXFileReference; fileEncoding = 4; lastKnownFileType = sourcecode.c.objc; path = HomeCollectionHeaderView.m; sourceTree = "<group>"; };
		1E74A51518525949009F2BC2 /* SelectionViewController.h */ = {isa = PBXFileReference; fileEncoding = 4; lastKnownFileType = sourcecode.c.h; path = SelectionViewController.h; sourceTree = "<group>"; };
		1E74A51618525949009F2BC2 /* SelectionViewController.m */ = {isa = PBXFileReference; fileEncoding = 4; lastKnownFileType = sourcecode.c.objc; path = SelectionViewController.m; sourceTree = "<group>"; };
		1E94BC8D184FBCD800E7D456 /* TrendingViewController.h */ = {isa = PBXFileReference; fileEncoding = 4; lastKnownFileType = sourcecode.c.h; path = TrendingViewController.h; sourceTree = "<group>"; };
		1E94BC8E184FBCD800E7D456 /* TrendingViewController.m */ = {isa = PBXFileReference; fileEncoding = 4; lastKnownFileType = sourcecode.c.objc; path = TrendingViewController.m; sourceTree = "<group>"; };
		1E94BC90184FC06E00E7D456 /* CoreData.framework */ = {isa = PBXFileReference; lastKnownFileType = wrapper.framework; name = CoreData.framework; path = System/Library/Frameworks/CoreData.framework; sourceTree = SDKROOT; };
		1E94BC92184FC0A400E7D456 /* CoreFoundation.framework */ = {isa = PBXFileReference; lastKnownFileType = wrapper.framework; name = CoreFoundation.framework; path = System/Library/Frameworks/CoreFoundation.framework; sourceTree = SDKROOT; };
		1E94BC95184FC10700E7D456 /* Gifs.xcdatamodel */ = {isa = PBXFileReference; lastKnownFileType = wrapper.xcdatamodel; path = Gifs.xcdatamodel; sourceTree = "<group>"; };
		1E94BC97184FC38C00E7D456 /* Gif.h */ = {isa = PBXFileReference; fileEncoding = 4; lastKnownFileType = sourcecode.c.h; path = Gif.h; sourceTree = "<group>"; };
		1E94BC98184FC38C00E7D456 /* Gif.m */ = {isa = PBXFileReference; fileEncoding = 4; lastKnownFileType = sourcecode.c.objc; path = Gif.m; sourceTree = "<group>"; };
		1E94BC9A184FC49000E7D456 /* DataManager.h */ = {isa = PBXFileReference; fileEncoding = 4; lastKnownFileType = sourcecode.c.h; path = DataManager.h; sourceTree = "<group>"; };
		1E94BC9B184FC49000E7D456 /* DataManager.m */ = {isa = PBXFileReference; fileEncoding = 4; lastKnownFileType = sourcecode.c.objc; path = DataManager.m; sourceTree = "<group>"; };
		1E94BC9C184FC49000E7D456 /* DataManagerDelegate.h */ = {isa = PBXFileReference; fileEncoding = 4; lastKnownFileType = sourcecode.c.h; path = DataManagerDelegate.h; sourceTree = "<group>"; };
		1E94BC9D184FC49000E7D456 /* DataSource.h */ = {isa = PBXFileReference; fileEncoding = 4; lastKnownFileType = sourcecode.c.h; path = DataSource.h; sourceTree = "<group>"; };
		1E94BC9E184FC49000E7D456 /* DataSource.m */ = {isa = PBXFileReference; fileEncoding = 4; lastKnownFileType = sourcecode.c.objc; path = DataSource.m; sourceTree = "<group>"; };
		1E94BC9F184FC49000E7D456 /* DataSourceCellConfigurer.h */ = {isa = PBXFileReference; fileEncoding = 4; lastKnownFileType = sourcecode.c.h; path = DataSourceCellConfigurer.h; sourceTree = "<group>"; };
		1E94BCA2184FC4B200E7D456 /* MyDataManager.h */ = {isa = PBXFileReference; fileEncoding = 4; lastKnownFileType = sourcecode.c.h; path = MyDataManager.h; sourceTree = "<group>"; };
		1E94BCA3184FC4B200E7D456 /* MyDataManager.m */ = {isa = PBXFileReference; fileEncoding = 4; lastKnownFileType = sourcecode.c.objc; path = MyDataManager.m; sourceTree = "<group>"; };
		1E94BCA5184FC7A700E7D456 /* Gif+Tag.h */ = {isa = PBXFileReference; fileEncoding = 4; lastKnownFileType = sourcecode.c.h; path = "Gif+Tag.h"; sourceTree = "<group>"; };
		1E94BCA6184FC7A700E7D456 /* Gif+Tag.m */ = {isa = PBXFileReference; fileEncoding = 4; lastKnownFileType = sourcecode.c.objc; path = "Gif+Tag.m"; sourceTree = "<group>"; };
		1E94BCAE184FCBDF00E7D456 /* NewGifViewController.h */ = {isa = PBXFileReference; fileEncoding = 4; lastKnownFileType = sourcecode.c.h; path = NewGifViewController.h; sourceTree = "<group>"; };
		1E94BCAF184FCBDF00E7D456 /* NewGifViewController.m */ = {isa = PBXFileReference; fileEncoding = 4; lastKnownFileType = sourcecode.c.objc; path = NewGifViewController.m; sourceTree = "<group>"; };
		1EAB45FF1835AF840085629A /* Giffy.app */ = {isa = PBXFileReference; explicitFileType = wrapper.application; includeInIndex = 0; path = Giffy.app; sourceTree = BUILT_PRODUCTS_DIR; };
		1EAB46021835AF840085629A /* Foundation.framework */ = {isa = PBXFileReference; lastKnownFileType = wrapper.framework; name = Foundation.framework; path = System/Library/Frameworks/Foundation.framework; sourceTree = SDKROOT; };
		1EAB46041835AF840085629A /* CoreGraphics.framework */ = {isa = PBXFileReference; lastKnownFileType = wrapper.framework; name = CoreGraphics.framework; path = System/Library/Frameworks/CoreGraphics.framework; sourceTree = SDKROOT; };
		1EAB46061835AF840085629A /* UIKit.framework */ = {isa = PBXFileReference; lastKnownFileType = wrapper.framework; name = UIKit.framework; path = System/Library/Frameworks/UIKit.framework; sourceTree = SDKROOT; };
		1EAB460A1835AF840085629A /* Giffy-Info.plist */ = {isa = PBXFileReference; lastKnownFileType = text.plist.xml; path = "Giffy-Info.plist"; sourceTree = "<group>"; };
		1EAB460C1835AF840085629A /* en */ = {isa = PBXFileReference; lastKnownFileType = text.plist.strings; name = en; path = en.lproj/InfoPlist.strings; sourceTree = "<group>"; };
		1EAB460E1835AF840085629A /* main.m */ = {isa = PBXFileReference; lastKnownFileType = sourcecode.c.objc; path = main.m; sourceTree = "<group>"; };
		1EAB46101835AF840085629A /* Giffy-Prefix.pch */ = {isa = PBXFileReference; lastKnownFileType = sourcecode.c.h; path = "Giffy-Prefix.pch"; sourceTree = "<group>"; };
		1EAB46111835AF840085629A /* JGSAppDelegate.h */ = {isa = PBXFileReference; lastKnownFileType = sourcecode.c.h; path = JGSAppDelegate.h; sourceTree = "<group>"; };
		1EAB46121835AF840085629A /* JGSAppDelegate.m */ = {isa = PBXFileReference; lastKnownFileType = sourcecode.c.objc; path = JGSAppDelegate.m; sourceTree = "<group>"; };
		1EAB46151835AF840085629A /* Base */ = {isa = PBXFileReference; lastKnownFileType = file.storyboard; name = Base; path = Base.lproj/Main.storyboard; sourceTree = "<group>"; };
		1EAB461A1835AF840085629A /* Images.xcassets */ = {isa = PBXFileReference; lastKnownFileType = folder.assetcatalog; path = Images.xcassets; sourceTree = "<group>"; };
		1EAB46201835AF840085629A /* GiffyTests.xctest */ = {isa = PBXFileReference; explicitFileType = wrapper.cfbundle; includeInIndex = 0; path = GiffyTests.xctest; sourceTree = BUILT_PRODUCTS_DIR; };
		1EAB46211835AF840085629A /* XCTest.framework */ = {isa = PBXFileReference; lastKnownFileType = wrapper.framework; name = XCTest.framework; path = Library/Frameworks/XCTest.framework; sourceTree = DEVELOPER_DIR; };
		1EAB46291835AF840085629A /* GiffyTests-Info.plist */ = {isa = PBXFileReference; lastKnownFileType = text.plist.xml; path = "GiffyTests-Info.plist"; sourceTree = "<group>"; };
		1EAB462B1835AF840085629A /* en */ = {isa = PBXFileReference; lastKnownFileType = text.plist.strings; name = en; path = en.lproj/InfoPlist.strings; sourceTree = "<group>"; };
		1EAB462D1835AF840085629A /* GiffyTests.m */ = {isa = PBXFileReference; lastKnownFileType = sourcecode.c.objc; path = GiffyTests.m; sourceTree = "<group>"; };
/* End PBXFileReference section */

/* Begin PBXFrameworksBuildPhase section */
		1EAB45FC1835AF840085629A /* Frameworks */ = {
			isa = PBXFrameworksBuildPhase;
			buildActionMask = 2147483647;
			files = (
				1E63567B1854109600F98A20 /* ImageIO.framework in Frameworks */,
				1E94BC93184FC0A500E7D456 /* CoreFoundation.framework in Frameworks */,
				1E94BC91184FC06E00E7D456 /* CoreData.framework in Frameworks */,
				1EAB46051835AF840085629A /* CoreGraphics.framework in Frameworks */,
				1EAB46071835AF840085629A /* UIKit.framework in Frameworks */,
				1EAB46031835AF840085629A /* Foundation.framework in Frameworks */,
			);
			runOnlyForDeploymentPostprocessing = 0;
		};
		1EAB461D1835AF840085629A /* Frameworks */ = {
			isa = PBXFrameworksBuildPhase;
			buildActionMask = 2147483647;
			files = (
				1EAB46221835AF840085629A /* XCTest.framework in Frameworks */,
				1EAB46241835AF840085629A /* UIKit.framework in Frameworks */,
				1EAB46231835AF840085629A /* Foundation.framework in Frameworks */,
			);
			runOnlyForDeploymentPostprocessing = 0;
		};
/* End PBXFrameworksBuildPhase section */

/* Begin PBXGroup section */
		1E94BCAB184FCB3000E7D456 /* Home */ = {
			isa = PBXGroup;
			children = (
				1E94BCAE184FCBDF00E7D456 /* NewGifViewController.h */,
				1E94BCAF184FCBDF00E7D456 /* NewGifViewController.m */,
				1E12B6E518500D2700E0E3DA /* HomeCollectionViewController.h */,
				1E12B6E618500D2700E0E3DA /* HomeCollectionViewController.m */,
				1E74A51518525949009F2BC2 /* SelectionViewController.h */,
				1E74A51618525949009F2BC2 /* SelectionViewController.m */,
				1E63567418540EBE00F98A20 /* ViewGifViewController.h */,
				1E63567518540EBE00F98A20 /* ViewGifViewController.m */,
			);
			name = Home;
			sourceTree = "<group>";
		};
		1E94BCAC184FCB3800E7D456 /* Library */ = {
			isa = PBXGroup;
			children = (
				1E63566E1853FDC900F98A20 /* LibraryCollectionViewController.h */,
				1E63566F1853FDC900F98A20 /* LibraryCollectionViewController.m */,
			);
			name = Library;
			sourceTree = "<group>";
		};
		1E94BCAD184FCB3D00E7D456 /* Trending Gifs */ = {
			isa = PBXGroup;
			children = (
				1E94BC8D184FBCD800E7D456 /* TrendingViewController.h */,
				1E94BC8E184FBCD800E7D456 /* TrendingViewController.m */,
			);
			name = "Trending Gifs";
			sourceTree = "<group>";
		};
		1EAB45F61835AF840085629A = {
			isa = PBXGroup;
			children = (
				1EAB46081835AF840085629A /* Giffy */,
				1EAB46271835AF840085629A /* GiffyTests */,
				1EAB46011835AF840085629A /* Frameworks */,
				1EAB46001835AF840085629A /* Products */,
			);
			sourceTree = "<group>";
		};
		1EAB46001835AF840085629A /* Products */ = {
			isa = PBXGroup;
			children = (
				1EAB45FF1835AF840085629A /* Giffy.app */,
				1EAB46201835AF840085629A /* GiffyTests.xctest */,
			);
			name = Products;
			sourceTree = "<group>";
		};
		1EAB46011835AF840085629A /* Frameworks */ = {
			isa = PBXGroup;
			children = (
				1E63567A1854109600F98A20 /* ImageIO.framework */,
				1E94BC92184FC0A400E7D456 /* CoreFoundation.framework */,
				1E94BC90184FC06E00E7D456 /* CoreData.framework */,
				1EAB46021835AF840085629A /* Foundation.framework */,
				1EAB46041835AF840085629A /* CoreGraphics.framework */,
				1EAB46061835AF840085629A /* UIKit.framework */,
				1EAB46211835AF840085629A /* XCTest.framework */,
			);
			name = Frameworks;
			sourceTree = "<group>";
		};
		1EAB46081835AF840085629A /* Giffy */ = {
			isa = PBXGroup;
			children = (
				1E50553718562A2700E7CBE4 /* Recents@2x.png */,
				1E505535185629FF00E7CBE4 /* Chart_Up@2x.png */,
				1E505533185629CA00E7CBE4 /* Bookmarks@2x.png */,
				1EE776C1183C0D6C00FCCD5B /* View */,
				1EE776C2183C0D7200FCCD5B /* Controllers */,
				1EE776C3183C0D7700FCCD5B /* Models */,
				1EAB46111835AF840085629A /* JGSAppDelegate.h */,
				1EAB46121835AF840085629A /* JGSAppDelegate.m */,
				1EAB461A1835AF840085629A /* Images.xcassets */,
				1EAB46091835AF840085629A /* Supporting Files */,
			);
			path = Giffy;
			sourceTree = "<group>";
		};
		1EAB46091835AF840085629A /* Supporting Files */ = {
			isa = PBXGroup;
			children = (
				1EAB460A1835AF840085629A /* Giffy-Info.plist */,
				1EAB460B1835AF840085629A /* InfoPlist.strings */,
				1EAB460E1835AF840085629A /* main.m */,
				1EAB46101835AF840085629A /* Giffy-Prefix.pch */,
			);
			name = "Supporting Files";
			sourceTree = "<group>";
		};
		1EAB46271835AF840085629A /* GiffyTests */ = {
			isa = PBXGroup;
			children = (
				1EAB462D1835AF840085629A /* GiffyTests.m */,
				1EAB46281835AF840085629A /* Supporting Files */,
			);
			path = GiffyTests;
			sourceTree = "<group>";
		};
		1EAB46281835AF840085629A /* Supporting Files */ = {
			isa = PBXGroup;
			children = (
				1EAB46291835AF840085629A /* GiffyTests-Info.plist */,
				1EAB462A1835AF840085629A /* InfoPlist.strings */,
			);
			name = "Supporting Files";
			sourceTree = "<group>";
		};
		1EE776C1183C0D6C00FCCD5B /* View */ = {
			isa = PBXGroup;
			children = (
				1EAB46141835AF840085629A /* Main.storyboard */,
			);
			name = View;
			sourceTree = "<group>";
		};
		1EE776C2183C0D7200FCCD5B /* Controllers */ = {
			isa = PBXGroup;
			children = (
				1E74A5121851682A009F2BC2 /* HomeCollectionHeaderView.h */,
				1E74A5131851682A009F2BC2 /* HomeCollectionHeaderView.m */,
				1E94BCAC184FCB3800E7D456 /* Library */,
				1E94BCAB184FCB3000E7D456 /* Home */,
				1E94BCAD184FCB3D00E7D456 /* Trending Gifs */,
			);
			name = Controllers;
			sourceTree = "<group>";
		};
		1EE776C3183C0D7700FCCD5B /* Models */ = {
			isa = PBXGroup;
			children = (
				1E6356771854106600F98A20 /* UIImage+animatedGIF.h */,
				1E6356781854106600F98A20 /* UIImage+animatedGIF.m */,
				1E94BC94184FC10700E7D456 /* Gifs.xcdatamodeld */,
				1E94BC9A184FC49000E7D456 /* DataManager.h */,
				1E94BC9B184FC49000E7D456 /* DataManager.m */,
				1E94BC9C184FC49000E7D456 /* DataManagerDelegate.h */,
				1E94BC9D184FC49000E7D456 /* DataSource.h */,
				1E94BC9E184FC49000E7D456 /* DataSource.m */,
				1E94BC9F184FC49000E7D456 /* DataSourceCellConfigurer.h */,
				1E94BC97184FC38C00E7D456 /* Gif.h */,
				1E94BC98184FC38C00E7D456 /* Gif.m */,
				1E94BCA2184FC4B200E7D456 /* MyDataManager.h */,
				1E94BCA3184FC4B200E7D456 /* MyDataManager.m */,
				1E94BCA5184FC7A700E7D456 /* Gif+Tag.h */,
				1E94BCA6184FC7A700E7D456 /* Gif+Tag.m */,
			);
			name = Models;
			sourceTree = "<group>";
		};
/* End PBXGroup section */

/* Begin PBXNativeTarget section */
		1EAB45FE1835AF840085629A /* Giffy */ = {
			isa = PBXNativeTarget;
			buildConfigurationList = 1EAB46311835AF840085629A /* Build configuration list for PBXNativeTarget "Giffy" */;
			buildPhases = (
				1EAB45FB1835AF840085629A /* Sources */,
				1EAB45FC1835AF840085629A /* Frameworks */,
				1EAB45FD1835AF840085629A /* Resources */,
			);
			buildRules = (
			);
			dependencies = (
			);
			name = Giffy;
			productName = Giffy;
			productReference = 1EAB45FF1835AF840085629A /* Giffy.app */;
			productType = "com.apple.product-type.application";
		};
		1EAB461F1835AF840085629A /* GiffyTests */ = {
			isa = PBXNativeTarget;
			buildConfigurationList = 1EAB46341835AF840085629A /* Build configuration list for PBXNativeTarget "GiffyTests" */;
			buildPhases = (
				1EAB461C1835AF840085629A /* Sources */,
				1EAB461D1835AF840085629A /* Frameworks */,
				1EAB461E1835AF840085629A /* Resources */,
			);
			buildRules = (
			);
			dependencies = (
				1EAB46261835AF840085629A /* PBXTargetDependency */,
			);
			name = GiffyTests;
			productName = GiffyTests;
			productReference = 1EAB46201835AF840085629A /* GiffyTests.xctest */;
			productType = "com.apple.product-type.bundle.unit-test";
		};
/* End PBXNativeTarget section */

/* Begin PBXProject section */
		1EAB45F71835AF840085629A /* Project object */ = {
			isa = PBXProject;
			attributes = {
				CLASSPREFIX = JGS;
				LastUpgradeCheck = 0500;
				ORGANIZATIONNAME = "Jessica Smith";
				TargetAttributes = {
					1EAB461F1835AF840085629A = {
						TestTargetID = 1EAB45FE1835AF840085629A;
					};
				};
			};
			buildConfigurationList = 1EAB45FA1835AF840085629A /* Build configuration list for PBXProject "Giffy" */;
			compatibilityVersion = "Xcode 3.2";
			developmentRegion = English;
			hasScannedForEncodings = 0;
			knownRegions = (
				en,
				Base,
			);
			mainGroup = 1EAB45F61835AF840085629A;
			productRefGroup = 1EAB46001835AF840085629A /* Products */;
			projectDirPath = "";
			projectRoot = "";
			targets = (
				1EAB45FE1835AF840085629A /* Giffy */,
				1EAB461F1835AF840085629A /* GiffyTests */,
			);
		};
/* End PBXProject section */

/* Begin PBXResourcesBuildPhase section */
		1EAB45FD1835AF840085629A /* Resources */ = {
			isa = PBXResourcesBuildPhase;
			buildActionMask = 2147483647;
			files = (
				1EAB461B1835AF840085629A /* Images.xcassets in Resources */,
				1EAB460D1835AF840085629A /* InfoPlist.strings in Resources */,
				1E505534185629CA00E7CBE4 /* Bookmarks@2x.png in Resources */,
				1EAB46161835AF840085629A /* Main.storyboard in Resources */,
				1E505536185629FF00E7CBE4 /* Chart_Up@2x.png in Resources */,
				1E50553818562A2700E7CBE4 /* Recents@2x.png in Resources */,
			);
			runOnlyForDeploymentPostprocessing = 0;
		};
		1EAB461E1835AF840085629A /* Resources */ = {
			isa = PBXResourcesBuildPhase;
			buildActionMask = 2147483647;
			files = (
				1EAB462C1835AF840085629A /* InfoPlist.strings in Resources */,
			);
			runOnlyForDeploymentPostprocessing = 0;
		};
/* End PBXResourcesBuildPhase section */

/* Begin PBXSourcesBuildPhase section */
		1EAB45FB1835AF840085629A /* Sources */ = {
			isa = PBXSourcesBuildPhase;
			buildActionMask = 2147483647;
			files = (
				1E94BCA4184FC4B200E7D456 /* MyDataManager.m in Sources */,
				1E94BC8F184FBCD800E7D456 /* TrendingViewController.m in Sources */,
				1E94BC99184FC38C00E7D456 /* Gif.m in Sources */,
				1E94BCB0184FCBDF00E7D456 /* NewGifViewController.m in Sources */,
				1EAB460F1835AF840085629A /* main.m in Sources */,
				1E6356791854106600F98A20 /* UIImage+animatedGIF.m in Sources */,
				1E74A5141851682A009F2BC2 /* HomeCollectionHeaderView.m in Sources */,
				1E63567618540EBE00F98A20 /* ViewGifViewController.m in Sources */,
				1E12B6E718500D2700E0E3DA /* HomeCollectionViewController.m in Sources */,
				1E94BCA7184FC7A700E7D456 /* Gif+Tag.m in Sources */,
				1EAB46131835AF840085629A /* JGSAppDelegate.m in Sources */,
				1E94BCA0184FC49000E7D456 /* DataManager.m in Sources */,
				1E94BC96184FC10700E7D456 /* Gifs.xcdatamodeld in Sources */,
				1E94BCA1184FC49000E7D456 /* DataSource.m in Sources */,
				1E6356701853FDC900F98A20 /* LibraryCollectionViewController.m in Sources */,
				1E74A51718525949009F2BC2 /* SelectionViewController.m in Sources */,
			);
			runOnlyForDeploymentPostprocessing = 0;
		};
		1EAB461C1835AF840085629A /* Sources */ = {
			isa = PBXSourcesBuildPhase;
			buildActionMask = 2147483647;
			files = (
				1EAB462E1835AF840085629A /* GiffyTests.m in Sources */,
			);
			runOnlyForDeploymentPostprocessing = 0;
		};
/* End PBXSourcesBuildPhase section */

/* Begin PBXTargetDependency section */
		1EAB46261835AF840085629A /* PBXTargetDependency */ = {
			isa = PBXTargetDependency;
			target = 1EAB45FE1835AF840085629A /* Giffy */;
			targetProxy = 1EAB46251835AF840085629A /* PBXContainerItemProxy */;
		};
/* End PBXTargetDependency section */

/* Begin PBXVariantGroup section */
		1EAB460B1835AF840085629A /* InfoPlist.strings */ = {
			isa = PBXVariantGroup;
			children = (
				1EAB460C1835AF840085629A /* en */,
			);
			name = InfoPlist.strings;
			sourceTree = "<group>";
		};
		1EAB46141835AF840085629A /* Main.storyboard */ = {
			isa = PBXVariantGroup;
			children = (
				1EAB46151835AF840085629A /* Base */,
			);
			name = Main.storyboard;
			sourceTree = "<group>";
		};
		1EAB462A1835AF840085629A /* InfoPlist.strings */ = {
			isa = PBXVariantGroup;
			children = (
				1EAB462B1835AF840085629A /* en */,
			);
			name = InfoPlist.strings;
			sourceTree = "<group>";
		};
/* End PBXVariantGroup section */

/* Begin XCBuildConfiguration section */
		1EAB462F1835AF840085629A /* Debug */ = {
			isa = XCBuildConfiguration;
			buildSettings = {
				ALWAYS_SEARCH_USER_PATHS = NO;
				ARCHS = "$(ARCHS_STANDARD_INCLUDING_64_BIT)";
				CLANG_CXX_LANGUAGE_STANDARD = "gnu++0x";
				CLANG_CXX_LIBRARY = "libc++";
				CLANG_ENABLE_MODULES = YES;
				CLANG_ENABLE_OBJC_ARC = YES;
				CLANG_WARN_BOOL_CONVERSION = YES;
				CLANG_WARN_CONSTANT_CONVERSION = YES;
				CLANG_WARN_DIRECT_OBJC_ISA_USAGE = YES_ERROR;
				CLANG_WARN_EMPTY_BODY = YES;
				CLANG_WARN_ENUM_CONVERSION = YES;
				CLANG_WARN_INT_CONVERSION = YES;
				CLANG_WARN_OBJC_ROOT_CLASS = YES_ERROR;
				CLANG_WARN__DUPLICATE_METHOD_MATCH = YES;
				"CODE_SIGN_IDENTITY[sdk=iphoneos*]" = "iPhone Developer";
				COPY_PHASE_STRIP = NO;
				GCC_C_LANGUAGE_STANDARD = gnu99;
				GCC_DYNAMIC_NO_PIC = NO;
				GCC_OPTIMIZATION_LEVEL = 0;
				GCC_PREPROCESSOR_DEFINITIONS = (
					"DEBUG=1",
					"$(inherited)",
				);
				GCC_SYMBOLS_PRIVATE_EXTERN = NO;
				GCC_WARN_64_TO_32_BIT_CONVERSION = YES;
				GCC_WARN_ABOUT_RETURN_TYPE = YES_ERROR;
				GCC_WARN_UNDECLARED_SELECTOR = YES;
				GCC_WARN_UNINITIALIZED_AUTOS = YES;
				GCC_WARN_UNUSED_FUNCTION = YES;
				GCC_WARN_UNUSED_VARIABLE = YES;
				IPHONEOS_DEPLOYMENT_TARGET = 7.0;
				ONLY_ACTIVE_ARCH = YES;
				SDKROOT = iphoneos;
			};
			name = Debug;
		};
		1EAB46301835AF840085629A /* Release */ = {
			isa = XCBuildConfiguration;
			buildSettings = {
				ALWAYS_SEARCH_USER_PATHS = NO;
				ARCHS = "$(ARCHS_STANDARD_INCLUDING_64_BIT)";
				CLANG_CXX_LANGUAGE_STANDARD = "gnu++0x";
				CLANG_CXX_LIBRARY = "libc++";
				CLANG_ENABLE_MODULES = YES;
				CLANG_ENABLE_OBJC_ARC = YES;
				CLANG_WARN_BOOL_CONVERSION = YES;
				CLANG_WARN_CONSTANT_CONVERSION = YES;
				CLANG_WARN_DIRECT_OBJC_ISA_USAGE = YES_ERROR;
				CLANG_WARN_EMPTY_BODY = YES;
				CLANG_WARN_ENUM_CONVERSION = YES;
				CLANG_WARN_INT_CONVERSION = YES;
				CLANG_WARN_OBJC_ROOT_CLASS = YES_ERROR;
				CLANG_WARN__DUPLICATE_METHOD_MATCH = YES;
				"CODE_SIGN_IDENTITY[sdk=iphoneos*]" = "iPhone Developer";
				COPY_PHASE_STRIP = YES;
				ENABLE_NS_ASSERTIONS = NO;
				GCC_C_LANGUAGE_STANDARD = gnu99;
				GCC_WARN_64_TO_32_BIT_CONVERSION = YES;
				GCC_WARN_ABOUT_RETURN_TYPE = YES_ERROR;
				GCC_WARN_UNDECLARED_SELECTOR = YES;
				GCC_WARN_UNINITIALIZED_AUTOS = YES;
				GCC_WARN_UNUSED_FUNCTION = YES;
				GCC_WARN_UNUSED_VARIABLE = YES;
				IPHONEOS_DEPLOYMENT_TARGET = 7.0;
				SDKROOT = iphoneos;
				VALIDATE_PRODUCT = YES;
			};
			name = Release;
		};
		1EAB46321835AF840085629A /* Debug */ = {
			isa = XCBuildConfiguration;
			buildSettings = {
				ASSETCATALOG_COMPILER_APPICON_NAME = AppIcon;
				ASSETCATALOG_COMPILER_LAUNCHIMAGE_NAME = LaunchImage;
				GCC_PRECOMPILE_PREFIX_HEADER = YES;
				GCC_PREFIX_HEADER = "Giffy/Giffy-Prefix.pch";
				INFOPLIST_FILE = "Giffy/Giffy-Info.plist";
				PRODUCT_NAME = "$(TARGET_NAME)";
				PROVISIONING_PROFILE = "DECF4B97-590A-43E6-821D-625D6D9B7291";
				WRAPPER_EXTENSION = app;
			};
			name = Debug;
		};
		1EAB46331835AF840085629A /* Release */ = {
			isa = XCBuildConfiguration;
			buildSettings = {
				ASSETCATALOG_COMPILER_APPICON_NAME = AppIcon;
				ASSETCATALOG_COMPILER_LAUNCHIMAGE_NAME = LaunchImage;
				GCC_PRECOMPILE_PREFIX_HEADER = YES;
				GCC_PREFIX_HEADER = "Giffy/Giffy-Prefix.pch";
				INFOPLIST_FILE = "Giffy/Giffy-Info.plist";
				PRODUCT_NAME = "$(TARGET_NAME)";
				PROVISIONING_PROFILE = "DECF4B97-590A-43E6-821D-625D6D9B7291";
				WRAPPER_EXTENSION = app;
			};
			name = Release;
		};
		1EAB46351835AF840085629A /* Debug */ = {
			isa = XCBuildConfiguration;
			buildSettings = {
				ARCHS = "$(ARCHS_STANDARD_INCLUDING_64_BIT)";
				BUNDLE_LOADER = "$(BUILT_PRODUCTS_DIR)/Giffy.app/Giffy";
				FRAMEWORK_SEARCH_PATHS = (
					"$(SDKROOT)/Developer/Library/Frameworks",
					"$(inherited)",
					"$(DEVELOPER_FRAMEWORKS_DIR)",
				);
				GCC_PRECOMPILE_PREFIX_HEADER = YES;
				GCC_PREFIX_HEADER = "Giffy/Giffy-Prefix.pch";
				GCC_PREPROCESSOR_DEFINITIONS = (
					"DEBUG=1",
					"$(inherited)",
				);
				INFOPLIST_FILE = "GiffyTests/GiffyTests-Info.plist";
				PRODUCT_NAME = "$(TARGET_NAME)";
				TEST_HOST = "$(BUNDLE_LOADER)";
				WRAPPER_EXTENSION = xctest;
			};
			name = Debug;
		};
		1EAB46361835AF840085629A /* Release */ = {
			isa = XCBuildConfiguration;
			buildSettings = {
				ARCHS = "$(ARCHS_STANDARD_INCLUDING_64_BIT)";
				BUNDLE_LOADER = "$(BUILT_PRODUCTS_DIR)/Giffy.app/Giffy";
				FRAMEWORK_SEARCH_PATHS = (
					"$(SDKROOT)/Developer/Library/Frameworks",
					"$(inherited)",
					"$(DEVELOPER_FRAMEWORKS_DIR)",
				);
				GCC_PRECOMPILE_PREFIX_HEADER = YES;
				GCC_PREFIX_HEADER = "Giffy/Giffy-Prefix.pch";
				INFOPLIST_FILE = "GiffyTests/GiffyTests-Info.plist";
				PRODUCT_NAME = "$(TARGET_NAME)";
				TEST_HOST = "$(BUNDLE_LOADER)";
				WRAPPER_EXTENSION = xctest;
			};
			name = Release;
		};
/* End XCBuildConfiguration section */

/* Begin XCConfigurationList section */
		1EAB45FA1835AF840085629A /* Build configuration list for PBXProject "Giffy" */ = {
			isa = XCConfigurationList;
			buildConfigurations = (
				1EAB462F1835AF840085629A /* Debug */,
				1EAB46301835AF840085629A /* Release */,
			);
			defaultConfigurationIsVisible = 0;
			defaultConfigurationName = Release;
		};
		1EAB46311835AF840085629A /* Build configuration list for PBXNativeTarget "Giffy" */ = {
			isa = XCConfigurationList;
			buildConfigurations = (
				1EAB46321835AF840085629A /* Debug */,
				1EAB46331835AF840085629A /* Release */,
			);
			defaultConfigurationIsVisible = 0;
			defaultConfigurationName = Release;
		};
		1EAB46341835AF840085629A /* Build configuration list for PBXNativeTarget "GiffyTests" */ = {
			isa = XCConfigurationList;
			buildConfigurations = (
				1EAB46351835AF840085629A /* Debug */,
				1EAB46361835AF840085629A /* Release */,
			);
			defaultConfigurationIsVisible = 0;
			defaultConfigurationName = Release;
		};
/* End XCConfigurationList section */

/* Begin XCVersionGroup section */
		1E94BC94184FC10700E7D456 /* Gifs.xcdatamodeld */ = {
			isa = XCVersionGroup;
			children = (
				1E94BC95184FC10700E7D456 /* Gifs.xcdatamodel */,
			);
			currentVersion = 1E94BC95184FC10700E7D456 /* Gifs.xcdatamodel */;
			path = Gifs.xcdatamodeld;
			sourceTree = "<group>";
			versionGroupType = wrapper.xcdatamodel;
		};
/* End XCVersionGroup section */
	};
	rootObject = 1EAB45F71835AF840085629A /* Project object */;
}
